
Microsoft Visual Studio Solution File, Format Version 12.00
# Visual Studio Version 17
VisualStudioVersion = 17.14.36109.1
MinimumVisualStudioVersion = 10.0.40219.1
Project("{FAE04EC0-301F-11D3-BF4B-00C04F79EFBC}") = "Domain", "Domain\Domain.csproj", "{D15904C5-7887-4804-9AD0-4F1A83C8727B}"
EndProject
Project("{FAE04EC0-301F-11D3-BF4B-00C04F79EFBC}") = "Infrastructure", "Infrastructure\Infrastructure.csproj", "{D167554F-470B-4730-AD21-6921764C9C10}"
EndProject
Project("{FAE04EC0-301F-11D3-BF4B-00C04F79EFBC}") = "Shared", "Shared\Shared.csproj", "{3A5B9F91-8962-491D-A6DA-9DC54FD9280A}"
EndProject
Project("{FAE04EC0-301F-11D3-BF4B-00C04F79EFBC}") = "Application", "Application\Application.csproj", "{D35C42A9-639A-48EE-829B-C49EF1C51F43}"
EndProject
Project("{FAE04EC0-301F-11D3-BF4B-00C04F79EFBC}") = "Presentation", "Presentation\Presentation.csproj", "{C88CF976-CD23-439D-A8DE-56E37033CFDD}"
EndProject
Global
	GlobalSection(SolutionConfigurationPlatforms) = preSolution
		Debug|Any CPU = Debug|Any CPU
		Release|Any CPU = Release|Any CPU
	EndGlobalSection
	GlobalSection(ProjectConfigurationPlatforms) = postSolution
		{D15904C5-7887-4804-9AD0-4F1A83C8727B}.Debug|Any CPU.ActiveCfg = Debug|Any CPU
		{D15904C5-7887-4804-9AD0-4F1A83C8727B}.Debug|Any CPU.Build.0 = Debug|Any CPU
		{D15904C5-7887-4804-9AD0-4F1A83C8727B}.Release|Any CPU.ActiveCfg = Release|Any CPU
		{D15904C5-7887-4804-9AD0-4F1A83C8727B}.Release|Any CPU.Build.0 = Release|Any CPU
		{D167554F-470B-4730-AD21-6921764C9C10}.Debug|Any CPU.ActiveCfg = Debug|Any CPU
		{D167554F-470B-4730-AD21-6921764C9C10}.Debug|Any CPU.Build.0 = Debug|Any CPU
		{D167554F-470B-4730-AD21-6921764C9C10}.Release|Any CPU.ActiveCfg = Release|Any CPU
		{D167554F-470B-4730-AD21-6921764C9C10}.Release|Any CPU.Build.0 = Release|Any CPU
		{3A5B9F91-8962-491D-A6DA-9DC54FD9280A}.Debug|Any CPU.ActiveCfg = Debug|Any CPU
		{3A5B9F91-8962-491D-A6DA-9DC54FD9280A}.Debug|Any CPU.Build.0 = Debug|Any CPU
		{3A5B9F91-8962-491D-A6DA-9DC54FD9280A}.Release|Any CPU.ActiveCfg = Release|Any CPU
		{3A5B9F91-8962-491D-A6DA-9DC54FD9280A}.Release|Any CPU.Build.0 = Release|Any CPU
		{D35C42A9-639A-48EE-829B-C49EF1C51F43}.Debug|Any CPU.ActiveCfg = Debug|Any CPU
		{D35C42A9-639A-48EE-829B-C49EF1C51F43}.Debug|Any CPU.Build.0 = Debug|Any CPU
		{D35C42A9-639A-48EE-829B-C49EF1C51F43}.Release|Any CPU.ActiveCfg = Release|Any CPU
		{D35C42A9-639A-48EE-829B-C49EF1C51F43}.Release|Any CPU.Build.0 = Release|Any CPU
		{C88CF976-CD23-439D-A8DE-56E37033CFDD}.Debug|Any CPU.ActiveCfg = Debug|Any CPU
		{C88CF976-CD23-439D-A8DE-56E37033CFDD}.Debug|Any CPU.Build.0 = Debug|Any CPU
		{C88CF976-CD23-439D-A8DE-56E37033CFDD}.Release|Any CPU.ActiveCfg = Release|Any CPU
		{C88CF976-CD23-439D-A8DE-56E37033CFDD}.Release|Any CPU.Build.0 = Release|Any CPU
	EndGlobalSection
	GlobalSection(SolutionProperties) = preSolution
		HideSolutionNode = FALSE
	EndGlobalSection
	GlobalSection(ExtensibilityGlobals) = postSolution
		SolutionGuid = {ACC62E5D-6F55-4438-9A26-D6DA81A25786}
	EndGlobalSection
EndGlobal
